// !$*UTF8*$!
{
	archiveVersion = 1;
	classes = {
	};
	objectVersion = 46;
	objects = {

/* Begin PBXBuildFile section */
		1166F9F21D22FAE50036242E /* AppDelegate.swift in Sources */ = {isa = PBXBuildFile; fileRef = 1166F9F11D22FAE50036242E /* AppDelegate.swift */; };
		1166F9F41D22FAE50036242E /* ViewController.swift in Sources */ = {isa = PBXBuildFile; fileRef = 1166F9F31D22FAE50036242E /* ViewController.swift */; };
		1166F9F71D22FAE50036242E /* Main.storyboard in Resources */ = {isa = PBXBuildFile; fileRef = 1166F9F51D22FAE50036242E /* Main.storyboard */; };
		1166F9F91D22FAE50036242E /* Assets.xcassets in Resources */ = {isa = PBXBuildFile; fileRef = 1166F9F81D22FAE50036242E /* Assets.xcassets */; };
		1166F9FC1D22FAE50036242E /* LaunchScreen.storyboard in Resources */ = {isa = PBXBuildFile; fileRef = 1166F9FA1D22FAE50036242E /* LaunchScreen.storyboard */; };
		1166FA041D23068B0036242E /* PhotoTakingHelper.swift in Sources */ = {isa = PBXBuildFile; fileRef = 1166FA031D23068B0036242E /* PhotoTakingHelper.swift */; };
/* End PBXBuildFile section */

/* Begin PBXFileReference section */
		1166F9EE1D22FAE50036242E /* test.app */ = {isa = PBXFileReference; explicitFileType = wrapper.application; includeInIndex = 0; path = test.app; sourceTree = BUILT_PRODUCTS_DIR; };
		1166F9F11D22FAE50036242E /* AppDelegate.swift */ = {isa = PBXFileReference; lastKnownFileType = sourcecode.swift; path = AppDelegate.swift; sourceTree = "<group>"; };
		1166F9F31D22FAE50036242E /* ViewController.swift */ = {isa = PBXFileReference; lastKnownFileType = sourcecode.swift; path = ViewController.swift; sourceTree = "<group>"; };
		1166F9F61D22FAE50036242E /* Base */ = {isa = PBXFileReference; lastKnownFileType = file.storyboard; name = Base; path = Base.lproj/Main.storyboard; sourceTree = "<group>"; };
		1166F9F81D22FAE50036242E /* Assets.xcassets */ = {isa = PBXFileReference; lastKnownFileType = folder.assetcatalog; path = Assets.xcassets; sourceTree = "<group>"; };
		1166F9FB1D22FAE50036242E /* Base */ = {isa = PBXFileReference; lastKnownFileType = file.storyboard; name = Base; path = Base.lproj/LaunchScreen.storyboard; sourceTree = "<group>"; };
		1166F9FD1D22FAE50036242E /* Info.plist */ = {isa = PBXFileReference; lastKnownFileType = text.plist.xml; path = Info.plist; sourceTree = "<group>"; };
		1166FA031D23068B0036242E /* PhotoTakingHelper.swift */ = {isa = PBXFileReference; fileEncoding = 4; lastKnownFileType = sourcecode.swift; path = PhotoTakingHelper.swift; sourceTree = "<group>"; };
/* End PBXFileReference section */

/* Begin PBXFrameworksBuildPhase section */
		1166F9EB1D22FAE50036242E /* Frameworks */ = {
			isa = PBXFrameworksBuildPhase;
			buildActionMask = 2147483647;
			files = (
			);
			runOnlyForDeploymentPostprocessing = 0;
		};
/* End PBXFrameworksBuildPhase section */

/* Begin PBXGroup section */
		1166F9E51D22FAE50036242E = {
			isa = PBXGroup;
			children = (
				1166F9F01D22FAE50036242E /* test */,
				1166F9EF1D22FAE50036242E /* Products */,
			);
			sourceTree = "<group>";
		};
		1166F9EF1D22FAE50036242E /* Products */ = {
			isa = PBXGroup;
			children = (
				1166F9EE1D22FAE50036242E /* test.app */,
			);
			name = Products;
			sourceTree = "<group>";
		};
		1166F9F01D22FAE50036242E /* test */ = {
			isa = PBXGroup;
			children = (
				1166FA051D2309420036242E /* PhotoTaking */,
				1166F9F11D22FAE50036242E /* AppDelegate.swift */,
				1166F9F31D22FAE50036242E /* ViewController.swift */,
				1166F9F51D22FAE50036242E /* Main.storyboard */,
				1166F9F81D22FAE50036242E /* Assets.xcassets */,
				1166F9FA1D22FAE50036242E /* LaunchScreen.storyboard */,
				1166F9FD1D22FAE50036242E /* Info.plist */,
			);
			path = test;
			sourceTree = "<group>";
		};
		1166FA051D2309420036242E /* PhotoTaking */ = {
			isa = PBXGroup;
			children = (
				1166FA031D23068B0036242E /* PhotoTakingHelper.swift */,
			);
			name = PhotoTaking;
			sourceTree = "<group>";
		};
/* End PBXGroup section */

/* Begin PBXNativeTarget section */
		1166F9ED1D22FAE50036242E /* test */ = {
			isa = PBXNativeTarget;
			buildConfigurationList = 1166FA001D22FAE50036242E /* Build configuration list for PBXNativeTarget "test" */;
			buildPhases = (
				1166F9EA1D22FAE50036242E /* Sources */,
				1166F9EB1D22FAE50036242E /* Frameworks */,
				1166F9EC1D22FAE50036242E /* Resources */,
			);
			buildRules = (
			);
			dependencies = (
			);
			name = test;
			productName = test;
			productReference = 1166F9EE1D22FAE50036242E /* test.app */;
			productType = "com.apple.product-type.application";
		};
/* End PBXNativeTarget section */

/* Begin PBXProject section */
		1166F9E61D22FAE50036242E /* Project object */ = {
			isa = PBXProject;
			attributes = {
				LastSwiftUpdateCheck = 0730;
				LastUpgradeCheck = 0730;
				ORGANIZATIONNAME = "Vyacheslav Horbach";
				TargetAttributes = {
					1166F9ED1D22FAE50036242E = {
						CreatedOnToolsVersion = 7.3.1;
					};
				};
			};
			buildConfigurationList = 1166F9E91D22FAE50036242E /* Build configuration list for PBXProject "test" */;
			compatibilityVersion = "Xcode 3.2";
			developmentRegion = English;
			hasScannedForEncodings = 0;
			knownRegions = (
				en,
				Base,
			);
			mainGroup = 1166F9E51D22FAE50036242E;
			productRefGroup = 1166F9EF1D22FAE50036242E /* Products */;
			projectDirPath = "";
			projectRoot = "";
			targets = (
				1166F9ED1D22FAE50036242E /* test */,
			);
		};
/* End PBXProject section */

/* Begin PBXResourcesBuildPhase section */
		1166F9EC1D22FAE50036242E /* Resources */ = {
			isa = PBXResourcesBuildPhase;
			buildActionMask = 2147483647;
			files = (
				1166F9FC1D22FAE50036242E /* LaunchScreen.storyboard in Resources */,
				1166F9F91D22FAE50036242E /* Assets.xcassets in Resources */,
				1166F9F71D22FAE50036242E /* Main.storyboard in Resources */,
			);
			runOnlyForDeploymentPostprocessing = 0;
		};
/* End PBXResourcesBuildPhase section */

/* Begin PBXSourcesBuildPhase section */
		1166F9EA1D22FAE50036242E /* Sources */ = {
			isa = PBXSourcesBuildPhase;
			buildActionMask = 2147483647;
			files = (
				1166FA041D23068B0036242E /* PhotoTakingHelper.swift in Sources */,
				1166F9F41D22FAE50036242E /* ViewController.swift in Sources */,
				1166F9F21D22FAE50036242E /* AppDelegate.swift in Sources */,
			);
			runOnlyForDeploymentPostprocessing = 0;
		};
/* End PBXSourcesBuildPhase section */

/* Begin PBXVariantGroup section */
		1166F9F51D22FAE50036242E /* Main.storyboard */ = {
			isa = PBXVariantGroup;
			children = (
				1166F9F61D22FAE50036242E /* Base */,
			);
			name = Main.storyboard;
			sourceTree = "<group>";
		};
		1166F9FA1D22FAE50036242E /* LaunchScreen.storyboard */ = {
			isa = PBXVariantGroup;
			children = (
				1166F9FB1D22FAE50036242E /* Base */,
			);
			name = LaunchScreen.storyboard;
			sourceTree = "<group>";
		};
/* End PBXVariantGroup section */

/* Begin XCBuildConfiguration section */
		1166F9FE1D22FAE50036242E /* Debug */ = {
			isa = XCBuildConfiguration;
			buildSettings = {
				ALWAYS_SEARCH_USER_PATHS = NO;
				CLANG_ANALYZER_NONNULL = YES;
				CLANG_CXX_LANGUAGE_STANDARD = "gnu++0x";
				CLANG_CXX_LIBRARY = "libc++";
				CLANG_ENABLE_MODULES = YES;
				CLANG_ENABLE_OBJC_ARC = YES;
				CLANG_WARN_BOOL_CONVERSION = YES;
				CLANG_WARN_CONSTANT_CONVERSION = YES;
				CLANG_WARN_DIRECT_OBJC_ISA_USAGE = YES_ERROR;
				CLANG_WARN_EMPTY_BODY = YES;
				CLANG_WARN_ENUM_CONVERSION = YES;
				CLANG_WARN_INT_CONVERSION = YES;
				CLANG_WARN_OBJC_ROOT_CLASS = YES_ERROR;
				CLANG_WARN_UNREACHABLE_CODE = YES;
				CLANG_WARN__DUPLICATE_METHOD_MATCH = YES;
				"CODE_SIGN_IDENTITY[sdk=iphoneos*]" = "iPhone Developer";
				COPY_PHASE_STRIP = NO;
				DEBUG_INFORMATION_FORMAT = dwarf;
				ENABLE_STRICT_OBJC_MSGSEND = YES;
				ENABLE_TESTABILITY = YES;
				GCC_C_LANGUAGE_STANDARD = gnu99;
				GCC_DYNAMIC_NO_PIC = NO;
				GCC_NO_COMMON_BLOCKS = YES;
				GCC_OPTIMIZATION_LEVEL = 0;
				GCC_PREPROCESSOR_DEFINITIONS = (
					"DEBUG=1",
					"$(inherited)",
				);
				GCC_WARN_64_TO_32_BIT_CONVERSION = YES;
				GCC_WARN_ABOUT_RETURN_TYPE = YES_ERROR;
				GCC_WARN_UNDECLARED_SELECTOR = YES;
				GCC_WARN_UNINITIALIZED_AUTOS = YES_AGGRESSIVE;
				GCC_WARN_UNUSED_FUNCTION = YES;
				GCC_WARN_UNUSED_VARIABLE = YES;
				IPHONEOS_DEPLOYMENT_TARGET = 9.3;
				MTL_ENABLE_DEBUG_INFO = YES;
				ONLY_ACTIVE_ARCH = YES;
				SDKROOT = iphoneos;
				SWIFT_OPTIMIZATION_LEVEL = "-Onone";
				TARGETED_DEVICE_FAMILY = "1,2";
			};
			name = Debug;
		};
		1166F9FF1D22FAE50036242E /* Release */ = {
			isa = XCBuildConfiguration;
			buildSettings = {
				ALWAYS_SEARCH_USER_PATHS = NO;
				CLANG_ANALYZER_NONNULL = YES;
				CLANG_CXX_LANGUAGE_STANDARD = "gnu++0x";
				CLANG_CXX_LIBRARY = "libc++";
				CLANG_ENABLE_MODULES = YES;
				CLANG_ENABLE_OBJC_ARC = YES;
				CLANG_WARN_BOOL_CONVERSION = YES;
				CLANG_WARN_CONSTANT_CONVERSION = YES;
				CLANG_WARN_DIRECT_OBJC_ISA_USAGE = YES_ERROR;
				CLANG_WARN_EMPTY_BODY = YES;
				CLANG_WARN_ENUM_CONVERSION = YES;
				CLANG_WARN_INT_CONVERSION = YES;
				CLANG_WARN_OBJC_ROOT_CLASS = YES_ERROR;
				CLANG_WARN_UNREACHABLE_CODE = YES;
				CLANG_WARN__DUPLICATE_METHOD_MATCH = YES;
				"CODE_SIGN_IDENTITY[sdk=iphoneos*]" = "iPhone Developer";
				COPY_PHASE_STRIP = NO;
				DEBUG_INFORMATION_FORMAT = "dwarf-with-dsym";
				ENABLE_NS_ASSERTIONS = NO;
				ENABLE_STRICT_OBJC_MSGSEND = YES;
				GCC_C_LANGUAGE_STANDARD = gnu99;
				GCC_NO_COMMON_BLOCKS = YES;
				GCC_WARN_64_TO_32_BIT_CONVERSION = YES;
				GCC_WARN_ABOUT_RETURN_TYPE = YES_ERROR;
				GCC_WARN_UNDECLARED_SELECTOR = YES;
				GCC_WARN_UNINITIALIZED_AUTOS = YES_AGGRESSIVE;
				GCC_WARN_UNUSED_FUNCTION = YES;
				GCC_WARN_UNUSED_VARIABLE = YES;
				IPHONEOS_DEPLOYMENT_TARGET = 9.3;
				MTL_ENABLE_DEBUG_INFO = NO;
				SDKROOT = iphoneos;
				TARGETED_DEVICE_FAMILY = "1,2";
				VALIDATE_PRODUCT = YES;
			};
			name = Release;
		};
		1166FA011D22FAE50036242E /* Debug */ = {
			isa = XCBuildConfiguration;
			buildSettings = {
				ASSETCATALOG_COMPILER_APPICON_NAME = AppIcon;
				INFOPLIST_FILE = test/Info.plist;
				LD_RUNPATH_SEARCH_PATHS = "$(inherited) @executable_path/Frameworks";
				PRODUCT_BUNDLE_IDENTIFIER = com.VyacheslavHorbach.test;
				PRODUCT_NAME = "$(TARGET_NAME)";
			};
			name = Debug;
		};
		1166FA021D22FAE50036242E /* Release */ = {
			isa = XCBuildConfiguration;
			buildSettings = {
				ASSETCATALOG_COMPILER_APPICON_NAME = AppIcon;
				INFOPLIST_FILE = test/Info.plist;
				LD_RUNPATH_SEARCH_PATHS = "$(inherited) @executable_path/Frameworks";
				PRODUCT_BUNDLE_IDENTIFIER = com.VyacheslavHorbach.test;
				PRODUCT_NAME = "$(TARGET_NAME)";
			};
			name = Release;
		};
/* End XCBuildConfiguration section */

/* Begin XCConfigurationList section */
		1166F9E91D22FAE50036242E /* Build configuration list for PBXProject "test" */ = {
			isa = XCConfigurationList;
			buildConfigurations = (
				1166F9FE1D22FAE50036242E /* Debug */,
				1166F9FF1D22FAE50036242E /* Release */,
			);
			defaultConfigurationIsVisible = 0;
			defaultConfigurationName = Release;
		};
		1166FA001D22FAE50036242E /* Build configuration list for PBXNativeTarget "test" */ = {
			isa = XCConfigurationList;
			buildConfigurations = (
				1166FA011D22FAE50036242E /* Debug */,
				1166FA021D22FAE50036242E /* Release */,
			);
			defaultConfigurationIsVisible = 0;
		};
/* End XCConfigurationList section */
	};
	rootObject = 1166F9E61D22FAE50036242E /* Project object */;
}
